
Microsoft Visual Studio Solution File, Format Version 12.00
# Visual Studio Version 16
VisualStudioVersion = 16.0.32106.194
MinimumVisualStudioVersion = 10.0.40219.1
Project("{8BC9CEB8-8B4A-11D0-8D11-00A0C91BC942}") = "2022.1.29代码", "2022.1.29代码\2022.1.29代码.vcxproj", "{FF45BE8A-7854-4D4E-9577-874A2125E94F}"
EndProject
Global
	GlobalSection(SolutionConfigurationPlatforms) = preSolution
		Debug|x64 = Debug|x64
		Debug|x86 = Debug|x86
		Release|x64 = Release|x64
		Release|x86 = Release|x86
	EndGlobalSection
	GlobalSection(ProjectConfigurationPlatforms) = postSolution
		{FF45BE8A-7854-4D4E-9577-874A2125E94F}.Debug|x64.ActiveCfg = Debug|x64
		{FF45BE8A-7854-4D4E-9577-874A2125E94F}.Debug|x64.Build.0 = Debug|x64
		{FF45BE8A-7854-4D4E-9577-874A2125E94F}.Debug|x86.ActiveCfg = Debug|Win32
		{FF45BE8A-7854-4D4E-9577-874A2125E94F}.Debug|x86.Build.0 = Debug|Win32
		{FF45BE8A-7854-4D4E-9577-874A2125E94F}.Release|x64.ActiveCfg = Release|x64
		{FF45BE8A-7854-4D4E-9577-874A2125E94F}.Release|x64.Build.0 = Release|x64
		{FF45BE8A-7854-4D4E-9577-874A2125E94F}.Release|x86.ActiveCfg = Release|Win32
		{FF45BE8A-7854-4D4E-9577-874A2125E94F}.Release|x86.Build.0 = Release|Win32
	EndGlobalSection
	GlobalSection(SolutionProperties) = preSolution
		HideSolutionNode = FALSE
	EndGlobalSection
	GlobalSection(ExtensibilityGlobals) = postSolution
		SolutionGuid = {8D609FA9-409B-4DF1-B619-5CFFAE0BF2AA}
	EndGlobalSection
EndGlobal
